
Microsoft Visual Studio Solution File, Format Version 12.00
# Visual Studio 15
VisualStudioVersion = 15.0.28010.2016
MinimumVisualStudioVersion = 10.0.40219.1
Project("{FAE04EC0-301F-11D3-BF4B-00C04F79EFBC}") = "UXStudyApp", "UXStudyApp\UXStudyApp.csproj", "{0ACCF1B2-B845-4FD0-9F79-8DA6218163CA}"
EndProject
Global
	GlobalSection(SolutionConfigurationPlatforms) = preSolution
		Debug|Any CPU = Debug|Any CPU
		Release|Any CPU = Release|Any CPU
	EndGlobalSection
	GlobalSection(ProjectConfigurationPlatforms) = postSolution
		{0ACCF1B2-B845-4FD0-9F79-8DA6218163CA}.Debug|Any CPU.ActiveCfg = Debug|Any CPU
		{0ACCF1B2-B845-4FD0-9F79-8DA6218163CA}.Debug|Any CPU.Build.0 = Debug|Any CPU
		{0ACCF1B2-B845-4FD0-9F79-8DA6218163CA}.Release|Any CPU.ActiveCfg = Release|Any CPU
		{0ACCF1B2-B845-4FD0-9F79-8DA6218163CA}.Release|Any CPU.Build.0 = Release|Any CPU
	EndGlobalSection
	GlobalSection(SolutionProperties) = preSolution
		HideSolutionNode = FALSE
	EndGlobalSection
	GlobalSection(ExtensibilityGlobals) = postSolution
		SolutionGuid = {48431552-FFFB-46D4-A455-0DCF8A108D1D}
	EndGlobalSection
EndGlobal
